// !$*UTF8*$!
{
	archiveVersion = 1;
	classes = {
	};
	objectVersion = 46;
	objects = {

/* Begin PBXBuildFile section */
		6934E8C61CEC336B00077817 /* bg_1.png in Resources */ = {isa = PBXBuildFile; fileRef = 6934E8B31CEC336B00077817 /* bg_1.png */; };
		6934E8C71CEC336B00077817 /* bg_tile.png in Resources */ = {isa = PBXBuildFile; fileRef = 6934E8B41CEC336B00077817 /* bg_tile.png */; };
		6934E8C81CEC336B00077817 /* bg_tile@2x.png in Resources */ = {isa = PBXBuildFile; fileRef = 6934E8B51CEC336B00077817 /* bg_tile@2x.png */; };
		6934E8C91CEC336B00077817 /* bg.png in Resources */ = {isa = PBXBuildFile; fileRef = 6934E8B61CEC336B00077817 /* bg.png */; };
		6934E8CA1CEC336B00077817 /* button_tap_deselected.png in Resources */ = {isa = PBXBuildFile; fileRef = 6934E8B71CEC336B00077817 /* button_tap_deselected.png */; };
		6934E8CB1CEC336B00077817 /* button_tap_deselected@2x.png in Resources */ = {isa = PBXBuildFile; fileRef = 6934E8B81CEC336B00077817 /* button_tap_deselected@2x.png */; };
		6934E8CC1CEC336B00077817 /* button_tap_selected.png in Resources */ = {isa = PBXBuildFile; fileRef = 6934E8B91CEC336B00077817 /* button_tap_selected.png */; };
		6934E8CD1CEC336B00077817 /* button_tap_selected@2x.png in Resources */ = {isa = PBXBuildFile; fileRef = 6934E8BA1CEC336B00077817 /* button_tap_selected@2x.png */; };
		6934E8CE1CEC336B00077817 /* ButtonTap.wav in Resources */ = {isa = PBXBuildFile; fileRef = 6934E8BB1CEC336B00077817 /* ButtonTap.wav */; };
		6934E8CF1CEC336B00077817 /* checker_bottom.png in Resources */ = {isa = PBXBuildFile; fileRef = 6934E8BC1CEC336B00077817 /* checker_bottom.png */; };
		6934E8D01CEC336B00077817 /* checker_bottom@2x.png in Resources */ = {isa = PBXBuildFile; fileRef = 6934E8BD1CEC336B00077817 /* checker_bottom@2x.png */; };
		6934E8D11CEC336B00077817 /* checker_top.png in Resources */ = {isa = PBXBuildFile; fileRef = 6934E8BE1CEC336B00077817 /* checker_top.png */; };
		6934E8D21CEC336B00077817 /* checker_top@2x.png in Resources */ = {isa = PBXBuildFile; fileRef = 6934E8BF1CEC336B00077817 /* checker_top@2x.png */; };
		6934E8D31CEC336B00077817 /* field_score.png in Resources */ = {isa = PBXBuildFile; fileRef = 6934E8C01CEC336B00077817 /* field_score.png */; };
		6934E8D41CEC336B00077817 /* field_score@2x.png in Resources */ = {isa = PBXBuildFile; fileRef = 6934E8C11CEC336B00077817 /* field_score@2x.png */; };
		6934E8D51CEC336B00077817 /* field_time.png in Resources */ = {isa = PBXBuildFile; fileRef = 6934E8C21CEC336B00077817 /* field_time.png */; };
		6934E8D61CEC336B00077817 /* field_time@2x.png in Resources */ = {isa = PBXBuildFile; fileRef = 6934E8C31CEC336B00077817 /* field_time@2x.png */; };
		6934E8D71CEC336B00077817 /* backgroundMusic.mp3 in Resources */ = {isa = PBXBuildFile; fileRef = 6934E8C41CEC336B00077817 /* backgroundMusic.mp3 */; };
		6934E8D81CEC336B00077817 /* SecondBeep.wav in Resources */ = {isa = PBXBuildFile; fileRef = 6934E8C51CEC336B00077817 /* SecondBeep.wav */; };
		6945821D1CDFB48B007BFB2F /* AppDelegate.swift in Sources */ = {isa = PBXBuildFile; fileRef = 6945821C1CDFB48B007BFB2F /* AppDelegate.swift */; };
		6945821F1CDFB48B007BFB2F /* ViewController.swift in Sources */ = {isa = PBXBuildFile; fileRef = 6945821E1CDFB48B007BFB2F /* ViewController.swift */; };
		694582221CDFB48B007BFB2F /* Main.storyboard in Resources */ = {isa = PBXBuildFile; fileRef = 694582201CDFB48B007BFB2F /* Main.storyboard */; };
		694582241CDFB48B007BFB2F /* Assets.xcassets in Resources */ = {isa = PBXBuildFile; fileRef = 694582231CDFB48B007BFB2F /* Assets.xcassets */; };
		694582271CDFB48B007BFB2F /* LaunchScreen.storyboard in Resources */ = {isa = PBXBuildFile; fileRef = 694582251CDFB48B007BFB2F /* LaunchScreen.storyboard */; };
		694582321CDFB48B007BFB2F /* Tap_MeTests.swift in Sources */ = {isa = PBXBuildFile; fileRef = 694582311CDFB48B007BFB2F /* Tap_MeTests.swift */; };
		6945823D1CDFB48C007BFB2F /* Tap_MeUITests.swift in Sources */ = {isa = PBXBuildFile; fileRef = 6945823C1CDFB48C007BFB2F /* Tap_MeUITests.swift */; };
/* End PBXBuildFile section */

/* Begin PBXContainerItemProxy section */
		6945822E1CDFB48B007BFB2F /* PBXContainerItemProxy */ = {
			isa = PBXContainerItemProxy;
			containerPortal = 694582111CDFB48B007BFB2F /* Project object */;
			proxyType = 1;
			remoteGlobalIDString = 694582181CDFB48B007BFB2F;
			remoteInfo = "Tap Me";
		};
		694582391CDFB48C007BFB2F /* PBXContainerItemProxy */ = {
			isa = PBXContainerItemProxy;
			containerPortal = 694582111CDFB48B007BFB2F /* Project object */;
			proxyType = 1;
			remoteGlobalIDString = 694582181CDFB48B007BFB2F;
			remoteInfo = "Tap Me";
		};
/* End PBXContainerItemProxy section */

/* Begin PBXFileReference section */
		6934E8B31CEC336B00077817 /* bg_1.png */ = {isa = PBXFileReference; lastKnownFileType = image.png; path = bg_1.png; sourceTree = "<group>"; };
		6934E8B41CEC336B00077817 /* bg_tile.png */ = {isa = PBXFileReference; lastKnownFileType = image.png; path = bg_tile.png; sourceTree = "<group>"; };
		6934E8B51CEC336B00077817 /* bg_tile@2x.png */ = {isa = PBXFileReference; lastKnownFileType = image.png; path = "bg_tile@2x.png"; sourceTree = "<group>"; };
		6934E8B61CEC336B00077817 /* bg.png */ = {isa = PBXFileReference; lastKnownFileType = image.png; path = bg.png; sourceTree = "<group>"; };
		6934E8B71CEC336B00077817 /* button_tap_deselected.png */ = {isa = PBXFileReference; lastKnownFileType = image.png; path = button_tap_deselected.png; sourceTree = "<group>"; };
		6934E8B81CEC336B00077817 /* button_tap_deselected@2x.png */ = {isa = PBXFileReference; lastKnownFileType = image.png; path = "button_tap_deselected@2x.png"; sourceTree = "<group>"; };
		6934E8B91CEC336B00077817 /* button_tap_selected.png */ = {isa = PBXFileReference; lastKnownFileType = image.png; path = button_tap_selected.png; sourceTree = "<group>"; };
		6934E8BA1CEC336B00077817 /* button_tap_selected@2x.png */ = {isa = PBXFileReference; lastKnownFileType = image.png; path = "button_tap_selected@2x.png"; sourceTree = "<group>"; };
		6934E8BB1CEC336B00077817 /* ButtonTap.wav */ = {isa = PBXFileReference; lastKnownFileType = audio.wav; path = ButtonTap.wav; sourceTree = "<group>"; };
		6934E8BC1CEC336B00077817 /* checker_bottom.png */ = {isa = PBXFileReference; lastKnownFileType = image.png; path = checker_bottom.png; sourceTree = "<group>"; };
		6934E8BD1CEC336B00077817 /* checker_bottom@2x.png */ = {isa = PBXFileReference; lastKnownFileType = image.png; path = "checker_bottom@2x.png"; sourceTree = "<group>"; };
		6934E8BE1CEC336B00077817 /* checker_top.png */ = {isa = PBXFileReference; lastKnownFileType = image.png; path = checker_top.png; sourceTree = "<group>"; };
		6934E8BF1CEC336B00077817 /* checker_top@2x.png */ = {isa = PBXFileReference; lastKnownFileType = image.png; path = "checker_top@2x.png"; sourceTree = "<group>"; };
		6934E8C01CEC336B00077817 /* field_score.png */ = {isa = PBXFileReference; lastKnownFileType = image.png; path = field_score.png; sourceTree = "<group>"; };
		6934E8C11CEC336B00077817 /* field_score@2x.png */ = {isa = PBXFileReference; lastKnownFileType = image.png; path = "field_score@2x.png"; sourceTree = "<group>"; };
		6934E8C21CEC336B00077817 /* field_time.png */ = {isa = PBXFileReference; lastKnownFileType = image.png; path = field_time.png; sourceTree = "<group>"; };
		6934E8C31CEC336B00077817 /* field_time@2x.png */ = {isa = PBXFileReference; lastKnownFileType = image.png; path = "field_time@2x.png"; sourceTree = "<group>"; };
		6934E8C41CEC336B00077817 /* backgroundMusic.mp3 */ = {isa = PBXFileReference; lastKnownFileType = audio.mp3; path = backgroundMusic.mp3; sourceTree = "<group>"; };
		6934E8C51CEC336B00077817 /* SecondBeep.wav */ = {isa = PBXFileReference; lastKnownFileType = audio.wav; path = SecondBeep.wav; sourceTree = "<group>"; };
		694582191CDFB48B007BFB2F /* Tap Me.app */ = {isa = PBXFileReference; explicitFileType = wrapper.application; includeInIndex = 0; path = "Tap Me.app"; sourceTree = BUILT_PRODUCTS_DIR; };
		6945821C1CDFB48B007BFB2F /* AppDelegate.swift */ = {isa = PBXFileReference; lastKnownFileType = sourcecode.swift; path = AppDelegate.swift; sourceTree = "<group>"; };
		6945821E1CDFB48B007BFB2F /* ViewController.swift */ = {isa = PBXFileReference; lastKnownFileType = sourcecode.swift; path = ViewController.swift; sourceTree = "<group>"; };
		694582211CDFB48B007BFB2F /* Base */ = {isa = PBXFileReference; lastKnownFileType = file.storyboard; name = Base; path = Base.lproj/Main.storyboard; sourceTree = "<group>"; };
		694582231CDFB48B007BFB2F /* Assets.xcassets */ = {isa = PBXFileReference; lastKnownFileType = folder.assetcatalog; path = Assets.xcassets; sourceTree = "<group>"; };
		694582261CDFB48B007BFB2F /* Base */ = {isa = PBXFileReference; lastKnownFileType = file.storyboard; name = Base; path = Base.lproj/LaunchScreen.storyboard; sourceTree = "<group>"; };
		694582281CDFB48B007BFB2F /* Info.plist */ = {isa = PBXFileReference; lastKnownFileType = text.plist.xml; path = Info.plist; sourceTree = "<group>"; };
		6945822D1CDFB48B007BFB2F /* Tap MeTests.xctest */ = {isa = PBXFileReference; explicitFileType = wrapper.cfbundle; includeInIndex = 0; path = "Tap MeTests.xctest"; sourceTree = BUILT_PRODUCTS_DIR; };
		694582311CDFB48B007BFB2F /* Tap_MeTests.swift */ = {isa = PBXFileReference; lastKnownFileType = sourcecode.swift; path = Tap_MeTests.swift; sourceTree = "<group>"; };
		694582331CDFB48C007BFB2F /* Info.plist */ = {isa = PBXFileReference; lastKnownFileType = text.plist.xml; path = Info.plist; sourceTree = "<group>"; };
		694582381CDFB48C007BFB2F /* Tap MeUITests.xctest */ = {isa = PBXFileReference; explicitFileType = wrapper.cfbundle; includeInIndex = 0; path = "Tap MeUITests.xctest"; sourceTree = BUILT_PRODUCTS_DIR; };
		6945823C1CDFB48C007BFB2F /* Tap_MeUITests.swift */ = {isa = PBXFileReference; lastKnownFileType = sourcecode.swift; path = Tap_MeUITests.swift; sourceTree = "<group>"; };
		6945823E1CDFB48C007BFB2F /* Info.plist */ = {isa = PBXFileReference; lastKnownFileType = text.plist.xml; path = Info.plist; sourceTree = "<group>"; };
/* End PBXFileReference section */

/* Begin PBXFrameworksBuildPhase section */
		694582161CDFB48B007BFB2F /* Frameworks */ = {
			isa = PBXFrameworksBuildPhase;
			buildActionMask = 2147483647;
			files = (
			);
			runOnlyForDeploymentPostprocessing = 0;
		};
		6945822A1CDFB48B007BFB2F /* Frameworks */ = {
			isa = PBXFrameworksBuildPhase;
			buildActionMask = 2147483647;
			files = (
			);
			runOnlyForDeploymentPostprocessing = 0;
		};
		694582351CDFB48C007BFB2F /* Frameworks */ = {
			isa = PBXFrameworksBuildPhase;
			buildActionMask = 2147483647;
			files = (
			);
			runOnlyForDeploymentPostprocessing = 0;
		};
/* End PBXFrameworksBuildPhase section */

/* Begin PBXGroup section */
		6934E8B21CEC334800077817 /* Supporting Files */ = {
			isa = PBXGroup;
			children = (
				6934E8B31CEC336B00077817 /* bg_1.png */,
				6934E8B41CEC336B00077817 /* bg_tile.png */,
				6934E8B51CEC336B00077817 /* bg_tile@2x.png */,
				6934E8B61CEC336B00077817 /* bg.png */,
				6934E8B71CEC336B00077817 /* button_tap_deselected.png */,
				6934E8B81CEC336B00077817 /* button_tap_deselected@2x.png */,
				6934E8B91CEC336B00077817 /* button_tap_selected.png */,
				6934E8BA1CEC336B00077817 /* button_tap_selected@2x.png */,
				6934E8BC1CEC336B00077817 /* checker_bottom.png */,
				6934E8BD1CEC336B00077817 /* checker_bottom@2x.png */,
				6934E8BE1CEC336B00077817 /* checker_top.png */,
				6934E8BF1CEC336B00077817 /* checker_top@2x.png */,
				6934E8C01CEC336B00077817 /* field_score.png */,
				6934E8C11CEC336B00077817 /* field_score@2x.png */,
				6934E8C21CEC336B00077817 /* field_time.png */,
				6934E8C31CEC336B00077817 /* field_time@2x.png */,
			);
			name = "Supporting Files";
			sourceTree = "<group>";
		};
		694582101CDFB48B007BFB2F = {
			isa = PBXGroup;
			children = (
				6945821B1CDFB48B007BFB2F /* Tap Me */,
				694582301CDFB48B007BFB2F /* Tap MeTests */,
				6945823B1CDFB48C007BFB2F /* Tap MeUITests */,
				6945821A1CDFB48B007BFB2F /* Products */,
			);
			sourceTree = "<group>";
		};
		6945821A1CDFB48B007BFB2F /* Products */ = {
			isa = PBXGroup;
			children = (
				694582191CDFB48B007BFB2F /* Tap Me.app */,
				6945822D1CDFB48B007BFB2F /* Tap MeTests.xctest */,
				694582381CDFB48C007BFB2F /* Tap MeUITests.xctest */,
			);
			name = Products;
			sourceTree = "<group>";
		};
		6945821B1CDFB48B007BFB2F /* Tap Me */ = {
			isa = PBXGroup;
			children = (
				6934E8B21CEC334800077817 /* Supporting Files */,
				6945821C1CDFB48B007BFB2F /* AppDelegate.swift */,
				6934E8C51CEC336B00077817 /* SecondBeep.wav */,
				6934E8BB1CEC336B00077817 /* ButtonTap.wav */,
				6934E8C41CEC336B00077817 /* backgroundMusic.mp3 */,
				6945821E1CDFB48B007BFB2F /* ViewController.swift */,
				694582201CDFB48B007BFB2F /* Main.storyboard */,
				694582231CDFB48B007BFB2F /* Assets.xcassets */,
				694582251CDFB48B007BFB2F /* LaunchScreen.storyboard */,
				694582281CDFB48B007BFB2F /* Info.plist */,
			);
			path = "Tap Me";
			sourceTree = "<group>";
		};
		694582301CDFB48B007BFB2F /* Tap MeTests */ = {
			isa = PBXGroup;
			children = (
				694582311CDFB48B007BFB2F /* Tap_MeTests.swift */,
				694582331CDFB48C007BFB2F /* Info.plist */,
			);
			path = "Tap MeTests";
			sourceTree = "<group>";
		};
		6945823B1CDFB48C007BFB2F /* Tap MeUITests */ = {
			isa = PBXGroup;
			children = (
				6945823C1CDFB48C007BFB2F /* Tap_MeUITests.swift */,
				6945823E1CDFB48C007BFB2F /* Info.plist */,
			);
			path = "Tap MeUITests";
			sourceTree = "<group>";
		};
/* End PBXGroup section */

/* Begin PBXNativeTarget section */
		694582181CDFB48B007BFB2F /* Tap Me */ = {
			isa = PBXNativeTarget;
			buildConfigurationList = 694582411CDFB48C007BFB2F /* Build configuration list for PBXNativeTarget "Tap Me" */;
			buildPhases = (
				694582151CDFB48B007BFB2F /* Sources */,
				694582161CDFB48B007BFB2F /* Frameworks */,
				694582171CDFB48B007BFB2F /* Resources */,
			);
			buildRules = (
			);
			dependencies = (
			);
			name = "Tap Me";
			productName = "Tap Me";
			productReference = 694582191CDFB48B007BFB2F /* Tap Me.app */;
			productType = "com.apple.product-type.application";
		};
		6945822C1CDFB48B007BFB2F /* Tap MeTests */ = {
			isa = PBXNativeTarget;
			buildConfigurationList = 694582441CDFB48C007BFB2F /* Build configuration list for PBXNativeTarget "Tap MeTests" */;
			buildPhases = (
				694582291CDFB48B007BFB2F /* Sources */,
				6945822A1CDFB48B007BFB2F /* Frameworks */,
				6945822B1CDFB48B007BFB2F /* Resources */,
			);
			buildRules = (
			);
			dependencies = (
				6945822F1CDFB48B007BFB2F /* PBXTargetDependency */,
			);
			name = "Tap MeTests";
			productName = "Tap MeTests";
			productReference = 6945822D1CDFB48B007BFB2F /* Tap MeTests.xctest */;
			productType = "com.apple.product-type.bundle.unit-test";
		};
		694582371CDFB48C007BFB2F /* Tap MeUITests */ = {
			isa = PBXNativeTarget;
			buildConfigurationList = 694582471CDFB48C007BFB2F /* Build configuration list for PBXNativeTarget "Tap MeUITests" */;
			buildPhases = (
				694582341CDFB48C007BFB2F /* Sources */,
				694582351CDFB48C007BFB2F /* Frameworks */,
				694582361CDFB48C007BFB2F /* Resources */,
			);
			buildRules = (
			);
			dependencies = (
				6945823A1CDFB48C007BFB2F /* PBXTargetDependency */,
			);
			name = "Tap MeUITests";
			productName = "Tap MeUITests";
			productReference = 694582381CDFB48C007BFB2F /* Tap MeUITests.xctest */;
			productType = "com.apple.product-type.bundle.ui-testing";
		};
/* End PBXNativeTarget section */

/* Begin PBXProject section */
		694582111CDFB48B007BFB2F /* Project object */ = {
			isa = PBXProject;
			attributes = {
				LastSwiftUpdateCheck = 0730;
				LastUpgradeCheck = 0730;
				ORGANIZATIONNAME = McPusz;
				TargetAttributes = {
					694582181CDFB48B007BFB2F = {
						CreatedOnToolsVersion = 7.3;
					};
					6945822C1CDFB48B007BFB2F = {
						CreatedOnToolsVersion = 7.3;
						TestTargetID = 694582181CDFB48B007BFB2F;
					};
					694582371CDFB48C007BFB2F = {
						CreatedOnToolsVersion = 7.3;
						TestTargetID = 694582181CDFB48B007BFB2F;
					};
				};
			};
			buildConfigurationList = 694582141CDFB48B007BFB2F /* Build configuration list for PBXProject "Tap Me" */;
			compatibilityVersion = "Xcode 3.2";
			developmentRegion = English;
			hasScannedForEncodings = 0;
			knownRegions = (
				en,
				Base,
			);
			mainGroup = 694582101CDFB48B007BFB2F;
			productRefGroup = 6945821A1CDFB48B007BFB2F /* Products */;
			projectDirPath = "";
			projectRoot = "";
			targets = (
				694582181CDFB48B007BFB2F /* Tap Me */,
				6945822C1CDFB48B007BFB2F /* Tap MeTests */,
				694582371CDFB48C007BFB2F /* Tap MeUITests */,
			);
		};
/* End PBXProject section */

/* Begin PBXResourcesBuildPhase section */
		694582171CDFB48B007BFB2F /* Resources */ = {
			isa = PBXResourcesBuildPhase;
			buildActionMask = 2147483647;
			files = (
				6934E8C61CEC336B00077817 /* bg_1.png in Resources */,
				6934E8D11CEC336B00077817 /* checker_top.png in Resources */,
				6934E8D81CEC336B00077817 /* SecondBeep.wav in Resources */,
				6934E8CB1CEC336B00077817 /* button_tap_deselected@2x.png in Resources */,
				6934E8C71CEC336B00077817 /* bg_tile.png in Resources */,
				694582271CDFB48B007BFB2F /* LaunchScreen.storyboard in Resources */,
				6934E8CC1CEC336B00077817 /* button_tap_selected.png in Resources */,
				6934E8D71CEC336B00077817 /* backgroundMusic.mp3 in Resources */,
				6934E8D21CEC336B00077817 /* checker_top@2x.png in Resources */,
				6934E8C81CEC336B00077817 /* bg_tile@2x.png in Resources */,
				6934E8D41CEC336B00077817 /* field_score@2x.png in Resources */,
				6934E8D31CEC336B00077817 /* field_score.png in Resources */,
				6934E8D51CEC336B00077817 /* field_time.png in Resources */,
				6934E8CE1CEC336B00077817 /* ButtonTap.wav in Resources */,
				6934E8D61CEC336B00077817 /* field_time@2x.png in Resources */,
				6934E8CF1CEC336B00077817 /* checker_bottom.png in Resources */,
				6934E8C91CEC336B00077817 /* bg.png in Resources */,
				6934E8CA1CEC336B00077817 /* button_tap_deselected.png in Resources */,
				694582241CDFB48B007BFB2F /* Assets.xcassets in Resources */,
				6934E8D01CEC336B00077817 /* checker_bottom@2x.png in Resources */,
				694582221CDFB48B007BFB2F /* Main.storyboard in Resources */,
				6934E8CD1CEC336B00077817 /* button_tap_selected@2x.png in Resources */,
			);
			runOnlyForDeploymentPostprocessing = 0;
		};
		6945822B1CDFB48B007BFB2F /* Resources */ = {
			isa = PBXResourcesBuildPhase;
			buildActionMask = 2147483647;
			files = (
			);
			runOnlyForDeploymentPostprocessing = 0;
		};
		694582361CDFB48C007BFB2F /* Resources */ = {
			isa = PBXResourcesBuildPhase;
			buildActionMask = 2147483647;
			files = (
			);
			runOnlyForDeploymentPostprocessing = 0;
		};
/* End PBXResourcesBuildPhase section */

/* Begin PBXSourcesBuildPhase section */
		694582151CDFB48B007BFB2F /* Sources */ = {
			isa = PBXSourcesBuildPhase;
			buildActionMask = 2147483647;
			files = (
				6945821F1CDFB48B007BFB2F /* ViewController.swift in Sources */,
				6945821D1CDFB48B007BFB2F /* AppDelegate.swift in Sources */,
			);
			runOnlyForDeploymentPostprocessing = 0;
		};
		694582291CDFB48B007BFB2F /* Sources */ = {
			isa = PBXSourcesBuildPhase;
			buildActionMask = 2147483647;
			files = (
				694582321CDFB48B007BFB2F /* Tap_MeTests.swift in Sources */,
			);
			runOnlyForDeploymentPostprocessing = 0;
		};
		694582341CDFB48C007BFB2F /* Sources */ = {
			isa = PBXSourcesBuildPhase;
			buildActionMask = 2147483647;
			files = (
				6945823D1CDFB48C007BFB2F /* Tap_MeUITests.swift in Sources */,
			);
			runOnlyForDeploymentPostprocessing = 0;
		};
/* End PBXSourcesBuildPhase section */

/* Begin PBXTargetDependency section */
		6945822F1CDFB48B007BFB2F /* PBXTargetDependency */ = {
			isa = PBXTargetDependency;
			target = 694582181CDFB48B007BFB2F /* Tap Me */;
			targetProxy = 6945822E1CDFB48B007BFB2F /* PBXContainerItemProxy */;
		};
		6945823A1CDFB48C007BFB2F /* PBXTargetDependency */ = {
			isa = PBXTargetDependency;
			target = 694582181CDFB48B007BFB2F /* Tap Me */;
			targetProxy = 694582391CDFB48C007BFB2F /* PBXContainerItemProxy */;
		};
/* End PBXTargetDependency section */

/* Begin PBXVariantGroup section */
		694582201CDFB48B007BFB2F /* Main.storyboard */ = {
			isa = PBXVariantGroup;
			children = (
				694582211CDFB48B007BFB2F /* Base */,
			);
			name = Main.storyboard;
			sourceTree = "<group>";
		};
		694582251CDFB48B007BFB2F /* LaunchScreen.storyboard */ = {
			isa = PBXVariantGroup;
			children = (
				694582261CDFB48B007BFB2F /* Base */,
			);
			name = LaunchScreen.storyboard;
			sourceTree = "<group>";
		};
/* End PBXVariantGroup section */

/* Begin XCBuildConfiguration section */
		6945823F1CDFB48C007BFB2F /* Debug */ = {
			isa = XCBuildConfiguration;
			buildSettings = {
				ALWAYS_SEARCH_USER_PATHS = NO;
				CLANG_ANALYZER_NONNULL = YES;
				CLANG_CXX_LANGUAGE_STANDARD = "gnu++0x";
				CLANG_CXX_LIBRARY = "libc++";
				CLANG_ENABLE_MODULES = YES;
				CLANG_ENABLE_OBJC_ARC = YES;
				CLANG_WARN_BOOL_CONVERSION = YES;
				CLANG_WARN_CONSTANT_CONVERSION = YES;
				CLANG_WARN_DIRECT_OBJC_ISA_USAGE = YES_ERROR;
				CLANG_WARN_EMPTY_BODY = YES;
				CLANG_WARN_ENUM_CONVERSION = YES;
				CLANG_WARN_INT_CONVERSION = YES;
				CLANG_WARN_OBJC_ROOT_CLASS = YES_ERROR;
				CLANG_WARN_UNREACHABLE_CODE = YES;
				CLANG_WARN__DUPLICATE_METHOD_MATCH = YES;
				"CODE_SIGN_IDENTITY[sdk=iphoneos*]" = "iPhone Developer";
				COPY_PHASE_STRIP = NO;
				DEBUG_INFORMATION_FORMAT = dwarf;
				ENABLE_STRICT_OBJC_MSGSEND = YES;
				ENABLE_TESTABILITY = YES;
				GCC_C_LANGUAGE_STANDARD = gnu99;
				GCC_DYNAMIC_NO_PIC = NO;
				GCC_NO_COMMON_BLOCKS = YES;
				GCC_OPTIMIZATION_LEVEL = 0;
				GCC_PREPROCESSOR_DEFINITIONS = (
					"DEBUG=1",
					"$(inherited)",
				);
				GCC_WARN_64_TO_32_BIT_CONVERSION = YES;
				GCC_WARN_ABOUT_RETURN_TYPE = YES_ERROR;
				GCC_WARN_UNDECLARED_SELECTOR = YES;
				GCC_WARN_UNINITIALIZED_AUTOS = YES_AGGRESSIVE;
				GCC_WARN_UNUSED_FUNCTION = YES;
				GCC_WARN_UNUSED_VARIABLE = YES;
				IPHONEOS_DEPLOYMENT_TARGET = 9.3;
				MTL_ENABLE_DEBUG_INFO = YES;
				ONLY_ACTIVE_ARCH = YES;
				SDKROOT = iphoneos;
				SWIFT_OPTIMIZATION_LEVEL = "-Onone";
			};
			name = Debug;
		};
		694582401CDFB48C007BFB2F /* Release */ = {
			isa = XCBuildConfiguration;
			buildSettings = {
				ALWAYS_SEARCH_USER_PATHS = NO;
				CLANG_ANALYZER_NONNULL = YES;
				CLANG_CXX_LANGUAGE_STANDARD = "gnu++0x";
				CLANG_CXX_LIBRARY = "libc++";
				CLANG_ENABLE_MODULES = YES;
				CLANG_ENABLE_OBJC_ARC = YES;
				CLANG_WARN_BOOL_CONVERSION = YES;
				CLANG_WARN_CONSTANT_CONVERSION = YES;
				CLANG_WARN_DIRECT_OBJC_ISA_USAGE = YES_ERROR;
				CLANG_WARN_EMPTY_BODY = YES;
				CLANG_WARN_ENUM_CONVERSION = YES;
				CLANG_WARN_INT_CONVERSION = YES;
				CLANG_WARN_OBJC_ROOT_CLASS = YES_ERROR;
				CLANG_WARN_UNREACHABLE_CODE = YES;
				CLANG_WARN__DUPLICATE_METHOD_MATCH = YES;
				"CODE_SIGN_IDENTITY[sdk=iphoneos*]" = "iPhone Developer";
				COPY_PHASE_STRIP = NO;
				DEBUG_INFORMATION_FORMAT = "dwarf-with-dsym";
				ENABLE_NS_ASSERTIONS = NO;
				ENABLE_STRICT_OBJC_MSGSEND = YES;
				GCC_C_LANGUAGE_STANDARD = gnu99;
				GCC_NO_COMMON_BLOCKS = YES;
				GCC_WARN_64_TO_32_BIT_CONVERSION = YES;
				GCC_WARN_ABOUT_RETURN_TYPE = YES_ERROR;
				GCC_WARN_UNDECLARED_SELECTOR = YES;
				GCC_WARN_UNINITIALIZED_AUTOS = YES_AGGRESSIVE;
				GCC_WARN_UNUSED_FUNCTION = YES;
				GCC_WARN_UNUSED_VARIABLE = YES;
				IPHONEOS_DEPLOYMENT_TARGET = 9.3;
				MTL_ENABLE_DEBUG_INFO = NO;
				SDKROOT = iphoneos;
				VALIDATE_PRODUCT = YES;
			};
			name = Release;
		};
		694582421CDFB48C007BFB2F /* Debug */ = {
			isa = XCBuildConfiguration;
			buildSettings = {
				ASSETCATALOG_COMPILER_APPICON_NAME = AppIcon;
				INFOPLIST_FILE = "Tap Me/Info.plist";
				LD_RUNPATH_SEARCH_PATHS = "$(inherited) @executable_path/Frameworks";
				PRODUCT_BUNDLE_IDENTIFIER = "com.mcpusz.Tap-Me";
				PRODUCT_NAME = "$(TARGET_NAME)";
			};
			name = Debug;
		};
		694582431CDFB48C007BFB2F /* Release */ = {
			isa = XCBuildConfiguration;
			buildSettings = {
				ASSETCATALOG_COMPILER_APPICON_NAME = AppIcon;
				INFOPLIST_FILE = "Tap Me/Info.plist";
				LD_RUNPATH_SEARCH_PATHS = "$(inherited) @executable_path/Frameworks";
				PRODUCT_BUNDLE_IDENTIFIER = "com.mcpusz.Tap-Me";
				PRODUCT_NAME = "$(TARGET_NAME)";
			};
			name = Release;
		};
		694582451CDFB48C007BFB2F /* Debug */ = {
			isa = XCBuildConfiguration;
			buildSettings = {
				BUNDLE_LOADER = "$(TEST_HOST)";
				INFOPLIST_FILE = "Tap MeTests/Info.plist";
				LD_RUNPATH_SEARCH_PATHS = "$(inherited) @executable_path/Frameworks @loader_path/Frameworks";
				PRODUCT_BUNDLE_IDENTIFIER = "com.mcpusz.Tap-MeTests";
				PRODUCT_NAME = "$(TARGET_NAME)";
				TEST_HOST = "$(BUILT_PRODUCTS_DIR)/Tap Me.app/Tap Me";
			};
			name = Debug;
		};
		694582461CDFB48C007BFB2F /* Release */ = {
			isa = XCBuildConfiguration;
			buildSettings = {
				BUNDLE_LOADER = "$(TEST_HOST)";
				INFOPLIST_FILE = "Tap MeTests/Info.plist";
				LD_RUNPATH_SEARCH_PATHS = "$(inherited) @executable_path/Frameworks @loader_path/Frameworks";
				PRODUCT_BUNDLE_IDENTIFIER = "com.mcpusz.Tap-MeTests";
				PRODUCT_NAME = "$(TARGET_NAME)";
				TEST_HOST = "$(BUILT_PRODUCTS_DIR)/Tap Me.app/Tap Me";
			};
			name = Release;
		};
		694582481CDFB48C007BFB2F /* Debug */ = {
			isa = XCBuildConfiguration;
			buildSettings = {
				INFOPLIST_FILE = "Tap MeUITests/Info.plist";
				LD_RUNPATH_SEARCH_PATHS = "$(inherited) @executable_path/Frameworks @loader_path/Frameworks";
				PRODUCT_BUNDLE_IDENTIFIER = "com.mcpusz.Tap-MeUITests";
				PRODUCT_NAME = "$(TARGET_NAME)";
				TEST_TARGET_NAME = "Tap Me";
			};
			name = Debug;
		};
		694582491CDFB48C007BFB2F /* Release */ = {
			isa = XCBuildConfiguration;
			buildSettings = {
				INFOPLIST_FILE = "Tap MeUITests/Info.plist";
				LD_RUNPATH_SEARCH_PATHS = "$(inherited) @executable_path/Frameworks @loader_path/Frameworks";
				PRODUCT_BUNDLE_IDENTIFIER = "com.mcpusz.Tap-MeUITests";
				PRODUCT_NAME = "$(TARGET_NAME)";
				TEST_TARGET_NAME = "Tap Me";
			};
			name = Release;
		};
/* End XCBuildConfiguration section */

/* Begin XCConfigurationList section */
		694582141CDFB48B007BFB2F /* Build configuration list for PBXProject "Tap Me" */ = {
			isa = XCConfigurationList;
			buildConfigurations = (
				6945823F1CDFB48C007BFB2F /* Debug */,
				694582401CDFB48C007BFB2F /* Release */,
			);
			defaultConfigurationIsVisible = 0;
			defaultConfigurationName = Release;
		};
		694582411CDFB48C007BFB2F /* Build configuration list for PBXNativeTarget "Tap Me" */ = {
			isa = XCConfigurationList;
			buildConfigurations = (
				694582421CDFB48C007BFB2F /* Debug */,
				694582431CDFB48C007BFB2F /* Release */,
			);
			defaultConfigurationIsVisible = 0;
			defaultConfigurationName = Release;
		};
		694582441CDFB48C007BFB2F /* Build configuration list for PBXNativeTarget "Tap MeTests" */ = {
			isa = XCConfigurationList;
			buildConfigurations = (
				694582451CDFB48C007BFB2F /* Debug */,
				694582461CDFB48C007BFB2F /* Release */,
			);
			defaultConfigurationIsVisible = 0;
			defaultConfigurationName = Release;
		};
		694582471CDFB48C007BFB2F /* Build configuration list for PBXNativeTarget "Tap MeUITests" */ = {
			isa = XCConfigurationList;
			buildConfigurations = (
				694582481CDFB48C007BFB2F /* Debug */,
				694582491CDFB48C007BFB2F /* Release */,
			);
			defaultConfigurationIsVisible = 0;
			defaultConfigurationName = Release;
		};
/* End XCConfigurationList section */
	};
	rootObject = 694582111CDFB48B007BFB2F /* Project object */;
}
